github.com/davecgh/go-spew v1.1.1 h1:vj9j/u1bqnvCEfJOwUhtlOARqs3+rkHYY13jYWTU97c=
github.com/davecgh/go-spew v1.1.1/go.mod h1:J7Y8YcW2NihsgmVo/mv3lAwl/skON4iLHjSsI+c5H38=
github.com/ebitengine/gomobile v0.0.0-20250329061421-6d0a8e981e4c h1:Ccgks2VROTr6bIm1FFxG2jT6P1DaCBMj8g/O9xbOQ08=
github.com/ebitengine/gomobile v0.0.0-20250329061421-6d0a8e981e4c/go.mod h1:M6DDA2RbegvWBVv4Dq482lwyFTtMczT1A7UNm1qOYzY=
github.com/ebitengine/hideconsole v1.0.0 h1:5J4U0kXF+pv/DhiXt5/lTz0eO5ogJ1iXb8Yj1yReDqE=
github.com/ebitengine/hideconsole v1.0.0/go.mod h1:hTTBTvVYWKBuxPr7peweneWdkUwEuHuB3C1R/ielR1A=
github.com/ebitengine/oto/v3 v3.4.0-alpha.10 h1:UKEKS1dvVkRo5XvLqHuW1iPqaieCfwcZ6ZqiIDW0P2k=
github.com/ebitengine/oto/v3 v3.4.0-alpha.10/go.mod h1:B0HxCw30YMvj/Uj1xMTenGMA7nQdVIod67sWtx0j514=
github.com/ebitengine/purego v0.9.0-alpha.10 h1:audsHbrB2mnadP/fVRdQRDc0lymjY7oWTNfzT59XICo=
github.com/ebitengine/purego v0.9.0-alpha.10/go.mod h1:iIjxzd6CiRiOG0UyXP+V1+jWqUXVjPKLAI0mRfJZTmQ=
github.com/ebitenui/ebitenui v0.6.1 h1:7LELU/itTcnzHHrNBTNFCuZ3KF7Y372jWloPbGmBUJg=
github.com/ebitenui/ebitenui v0.6.1/go.mod h1:TgRNXSB+uSNmj0j45+tTQkluAaOx+WPm2M2Xau1HaFE=
github.com/gen2brain/mpeg v0.5.0 h1:YrY5F5ZQAJCF/ItDHSb0bF5fxwk5IDq/RjOnfFhWurs=
github.com/gen2brain/mpeg v0.5.0/go.mod h1:N37OJKAg3YeMfVqscgraoU6kwusr4pvA8aJK9QWPGiQ=
github.com/go-text/typesetting v0.3.0 h1:OWCgYpp8njoxSRpwrdd1bQOxdjOXDj9Rqart9ML4iF4=
github.com/go-text/typesetting v0.3.0/go.mod h1:qjZLkhRgOEYMhU9eHBr3AR4sfnGJvOXNLt8yRAySFuY=
github.com/go-text/typesetting-utils v0.0.0-20241103174707-87a29e9e6066 h1:qCuYC+94v2xrb1PoS4NIDe7DGYtLnU2wWiQe9a1B1c0=
github.com/go-text/typesetting-utils v0.0.0-20241103174707-87a29e9e6066/go.mod h1:DDxDdQEnB70R8owOx3LVpEFvpMK9eeH1o2r0yZhFI9o=
github.com/hajimehoshi/bitmapfont/v4 v4.1.0-alpha.5 h1:2aPvjNC5pJTOqMbHWkJ4mR8lqgvnV7bXxciarDcJGXg=
github.com/hajimehoshi/bitmapfont/v4 v4.1.0-alpha.5/go.mod h1:/PD+aLjAJ0F2UoQx6hkOfXqWN7BkroDUMr5W+IT1dpE=
github.com/hajimehoshi/ebiten/v2 v2.9.0-alpha.16 h1:106MQU9ipJz6sdaBEwPq0OPNTyXK6NabSNLpCj7DxCA=
github.com/hajimehoshi/ebiten/v2 v2.9.0-alpha.16/go.mod h1:QguLmnY9V9WaWuk4oChaawF6EZ6SM12VucWmdGL797s=
github.com/hajimehoshi/go-mp3 v0.3.4 h1:NUP7pBYH8OguP4diaTZ9wJbUbk3tC0KlfzsEpWmYj68=
github.com/hajimehoshi/go-mp3 v0.3.4/go.mod h1:fRtZraRFcWb0pu7ok0LqyFhCUrPeMsGRSVop0eemFmo=
github.com/hajimehoshi/oto/v2 v2.3.1/go.mod h1:seWLbgHH7AyUMYKfKYT9pg7PhUu9/SisyJvNTT+ASQo=
github.com/jezek/xgb v1.1.1 h1:bE/r8ZZtSv7l9gk6nU0mYx51aXrvnyb44892TwSaqS4=
github.com/jezek/xgb v1.1.1/go.mod h1:nrhwO0FX/enq75I7Y7G8iN1ubpSGZEiA3v9e9GyRFlk=
github.com/matryer/is v1.4.1 h1:55ehd8zaGABKLXQUe2awZ99BD/PTc2ls+KV/dXphgEQ=
github.com/matryer/is v1.4.1/go.mod h1:8I/i5uYgLzgsgEloJE1U6xx5HkBQpAZvepWuujKwMRU=
github.com/nfnt/resize v0.0.0-20180221191011-83c6a9932646 h1:zYyBkD/k9seD2A7fsi6Oo2LfFZAehjjQMERAvZLEDnQ=
github.com/nfnt/resize v0.0.0-20180221191011-83c6a9932646/go.mod h1:jpp1/29i3P1S/RLdc7JQKbRpFeM1dOBd8T9ki5s+AY8=
github.com/pierrec/lz4/v4 v4.1.22 h1:cKFw6uJDK+/gfw5BcDL0JL5aBsAFdsIT18eRtLj7VIU=
github.com/pierrec/lz4/v4 v4.1.22/go.mod h1:gZWDp/Ze/IJXGXf23ltt2EXimqmTUXEy0GFuRQyBid4=
github.com/pmezard/go-difflib v1.0.0 h1:4DBwDE0NGyQoBHbLQYPwSUPoCMWR5BEzIk/f1lZbAQM=
github.com/pmezard/go-difflib v1.0.0/go.mod h1:iKH77koFhYxTK1pcRnkKkqfTogsbg7gZNVY4sRDYZ/4=
github.com/quasilyte/gdata v0.8.1 h1:cR9TFUHrRciVq1E4hqofan6jcQvmJd9lM1E7YLeUfi8=
github.com/quasilyte/gdata v0.8.1/go.mod h1:VZbd2RCpKR2cbTGuLC1Esnyl1+KFv/jXBJrs/ijL8TA=
github.com/rivo/uniseg v0.4.7 h1:WUdvkW8uEhrYfLC4ZzdpI2ztxP1I582+49Oc5Mq64VQ=
github.com/rivo/uniseg v0.4.7/go.mod h1:FN3SvrM+Zdj16jyLfmOkMNblXMcoc8DfTHruCPUcx88=
github.com/stretchr/objx v0.5.2 h1:xuMeJ0Sdp5ZMRXx/aWO6RZxdr3beISkG5/G/aIRr3pY=
github.com/stretchr/objx v0.5.2/go.mod h1:FRsXN1f5AsAjCGJKqEizvkpNtU+EGNCLh3NxZ/8L+MA=
github.com/stretchr/testify v1.9.0 h1:HtqpIVDClZ4nwg75+f6Lvsy/wHu+3BoSGCbBAcpTsTg=
github.com/stretchr/testify v1.9.0/go.mod h1:r2ic/lqez/lEtzL7wO/rwa5dbSLXVDPFyf8C91i36aY=
github.com/tinne26/mpegg v0.0.0-20240411064755-b64afed50f8e h1:RpKkxYzni8qJEleDhezv+Jqb5k/SYJSM/EaxbCa1Xis=
github.com/tinne26/mpegg v0.0.0-20240411064755-b64afed50f8e/go.mod h1:dlSPCFu43+E8c4EVovwebT15DRWxF49xvnxNcOd6RvU=
golang.org/x/exp v0.0.0-20240808152545-0cdaa3abc0fa h1:ELnwvuAXPNtPk1TJRuGkI9fDTwym6AYBu0qzT8AcHdI=
golang.org/x/exp v0.0.0-20240808152545-0cdaa3abc0fa/go.mod h1:akd2r19cwCdwSwWeIdzYQGa/EZZyqcOdwWiwj5L5eKQ=
golang.org/x/image v0.30.0 h1:jD5RhkmVAnjqaCUXfbGBrn3lpxbknfN9w2UhHHU+5B4=
golang.org/x/image v0.30.0/go.mod h1:SAEUTxCCMWSrJcCy/4HwavEsfZZJlYxeHLc6tTiAe/c=
golang.org/x/sync v0.16.0 h1:ycBJEhp9p4vXvUZNszeOq0kGTPghopOL8q0fq3vstxw=
golang.org/x/sync v0.16.0/go.mod h1:1dzgHSNfp02xaA81J2MS99Qcpr2w7fw1gpm99rleRqA=
golang.org/x/sys v0.0.0-20220712014510-0a85c31ab51e/go.mod h1:oPkhp1MJrh7nUepCBck5+mAzfO9JrbApNNgaTdGDITg=
golang.org/x/sys v0.35.0 h1:vz1N37gP5bs89s7He8XuIYXpyY0+QlsKmzipCbUtyxI=
golang.org/x/sys v0.35.0/go.mod h1:BJP2sWEmIv4KK5OTEluFJCKSidICx8ciO85XgH3Ak8k=
golang.org/x/text v0.28.0 h1:rhazDwis8INMIwQ4tpjLDzUhx6RlXqZNPEM0huQojng=
golang.org/x/text v0.28.0/go.mod h1:U8nCwOR8jO/marOQ0QbDiOngZVEBB7MAiitBuMjXiNU=
gopkg.in/yaml.v3 v3.0.1 h1:fxVm/GzAzEWqLHuvctI91KS9hhNmmWOoWu0XTYJS7CA=
gopkg.in/yaml.v3 v3.0.1/go.mod h1:K4uyk7z7BCEPqu6E+C64Yfv1cQ7kz7rIZviUmN+EgEM=
